PODS:
  - JRSwizzle (1.0)
  - WTSafeGuard (0.1.0):
    - JRSwizzle

DEPENDENCIES:
  - WTSafeGuard (from `../`)

EXTERNAL SOURCES:
  WTSafeGuard:
    :path: "../"

SPEC CHECKSUMS:
  JRSwizzle: dd5ead5d913a0f29e7f558200165849f006bb1e3
  WTSafeGuard: 509c70eee15ef2b71682cb62bad8447d13370473

PODFILE CHECKSUM: f38df40f5d74089817f4f9d44c4669ee3c39834a

COCOAPODS: 1.2.1
